
Microsoft Visual Studio Solution File, Format Version 12.00
# Visual Studio Version 17
VisualStudioVersion = 17.5.002.0
MinimumVisualStudioVersion = 10.0.40219.1
Project("{9A19103F-16F7-4668-BE54-9A1E7A4F7556}") = "notepad-plus-plus-file-management", "notepad-plus-plus-file-management.csproj", "{C425221F-20CA-48B3-A4C9-6D2CCE1C50DB}"
EndProject
Global
	GlobalSection(SolutionConfigurationPlatforms) = preSolution
		Debug|Any CPU = Debug|Any CPU
		Release|Any CPU = Release|Any CPU
	EndGlobalSection
	GlobalSection(ProjectConfigurationPlatforms) = postSolution
		{C425221F-20CA-48B3-A4C9-6D2CCE1C50DB}.Debug|Any CPU.ActiveCfg = Debug|Any CPU
		{C425221F-20CA-48B3-A4C9-6D2CCE1C50DB}.Debug|Any CPU.Build.0 = Debug|Any CPU
		{C425221F-20CA-48B3-A4C9-6D2CCE1C50DB}.Release|Any CPU.ActiveCfg = Release|Any CPU
		{C425221F-20CA-48B3-A4C9-6D2CCE1C50DB}.Release|Any CPU.Build.0 = Release|Any CPU
	EndGlobalSection
	GlobalSection(SolutionProperties) = preSolution
		HideSolutionNode = FALSE
	EndGlobalSection
	GlobalSection(ExtensibilityGlobals) = postSolution
		SolutionGuid = {316B3E55-956D-4827-B861-A91E33263460}
	EndGlobalSection
EndGlobal
