Microsoft Visual Studio Solution File, Format Version 12.00
# Visual Studio Version 17
VisualStudioVersion = 17.5.2.0
MinimumVisualStudioVersion = 10.0.40219.1
Project("{FAE04EC0-301F-11D3-BF4B-00C04F79EFBC}") = "organumator", "organumator.csproj", "{EF323E59-C284-A9C0-43AB-81B72DE08704}"
EndProject
Global
	GlobalSection(SolutionConfigurationPlatforms) = preSolution
		Debug|Any CPU = Debug|Any CPU
		Release|Any CPU = Release|Any CPU
	EndGlobalSection
	GlobalSection(ProjectConfigurationPlatforms) = postSolution
		{EF323E59-C284-A9C0-43AB-81B72DE08704}.Debug|Any CPU.ActiveCfg = Debug|Any CPU
		{EF323E59-C284-A9C0-43AB-81B72DE08704}.Debug|Any CPU.Build.0 = Debug|Any CPU
		{EF323E59-C284-A9C0-43AB-81B72DE08704}.Release|Any CPU.ActiveCfg = Release|Any CPU
		{EF323E59-C284-A9C0-43AB-81B72DE08704}.Release|Any CPU.Build.0 = Release|Any CPU
	EndGlobalSection
	GlobalSection(SolutionProperties) = preSolution
		HideSolutionNode = FALSE
	EndGlobalSection
	GlobalSection(ExtensibilityGlobals) = postSolution
		SolutionGuid = {33857CE8-B279-490D-B885-CADC17985198}
	EndGlobalSection
EndGlobal
