Microsoft Visual Studio Solution File, Format Version 12.00
# Visual Studio Version 17
VisualStudioVersion = 17.5.2.0
MinimumVisualStudioVersion = 10.0.40219.1
Project("{FAE04EC0-301F-11D3-BF4B-00C04F79EFBC}") = "OrganumatorMssql", "OrganumatorMssql.csproj", "{B01E50C7-CB5B-B045-9F93-7C3BDDC25492}"
EndProject
Global
	GlobalSection(SolutionConfigurationPlatforms) = preSolution
		Debug|Any CPU = Debug|Any CPU
		Release|Any CPU = Release|Any CPU
	EndGlobalSection
	GlobalSection(ProjectConfigurationPlatforms) = postSolution
		{B01E50C7-CB5B-B045-9F93-7C3BDDC25492}.Debug|Any CPU.ActiveCfg = Debug|Any CPU
		{B01E50C7-CB5B-B045-9F93-7C3BDDC25492}.Debug|Any CPU.Build.0 = Debug|Any CPU
		{B01E50C7-CB5B-B045-9F93-7C3BDDC25492}.Release|Any CPU.ActiveCfg = Release|Any CPU
		{B01E50C7-CB5B-B045-9F93-7C3BDDC25492}.Release|Any CPU.Build.0 = Release|Any CPU
	EndGlobalSection
	GlobalSection(SolutionProperties) = preSolution
		HideSolutionNode = FALSE
	EndGlobalSection
	GlobalSection(ExtensibilityGlobals) = postSolution
		SolutionGuid = {E371C572-B3F0-4ABA-A5DC-9B22A8AABCBA}
	EndGlobalSection
EndGlobal
